// !$*UTF8*$!
{
	archiveVersion = 1;
	classes = {
	};
	objectVersion = 46;
	objects = {

/* Begin PBXBuildFile section */
		3D9ED8921C9D8F7800F20013 /* AppDelegate.swift in Sources */ = {isa = PBXBuildFile; fileRef = 3D9ED8911C9D8F7800F20013 /* AppDelegate.swift */; };
		3D9ED8941C9D8F7800F20013 /* ViewController.swift in Sources */ = {isa = PBXBuildFile; fileRef = 3D9ED8931C9D8F7800F20013 /* ViewController.swift */; };
		3D9ED8971C9D8F7800F20013 /* Main.storyboard in Resources */ = {isa = PBXBuildFile; fileRef = 3D9ED8951C9D8F7800F20013 /* Main.storyboard */; };
		3D9ED8991C9D8F7800F20013 /* Assets.xcassets in Resources */ = {isa = PBXBuildFile; fileRef = 3D9ED8981C9D8F7800F20013 /* Assets.xcassets */; };
		3D9ED89C1C9D8F7800F20013 /* LaunchScreen.storyboard in Resources */ = {isa = PBXBuildFile; fileRef = 3D9ED89A1C9D8F7800F20013 /* LaunchScreen.storyboard */; };
		3D9ED8A71C9D8F7800F20013 /* RobocarTests.swift in Sources */ = {isa = PBXBuildFile; fileRef = 3D9ED8A61C9D8F7800F20013 /* RobocarTests.swift */; };
		3D9ED8B21C9D8F7800F20013 /* RobocarUITests.swift in Sources */ = {isa = PBXBuildFile; fileRef = 3D9ED8B11C9D8F7800F20013 /* RobocarUITests.swift */; };
/* End PBXBuildFile section */

/* Begin PBXContainerItemProxy section */
		3D9ED8A31C9D8F7800F20013 /* PBXContainerItemProxy */ = {
			isa = PBXContainerItemProxy;
			containerPortal = 3D9ED8861C9D8F7800F20013 /* Project object */;
			proxyType = 1;
			remoteGlobalIDString = 3D9ED88D1C9D8F7800F20013;
			remoteInfo = Robocar;
		};
		3D9ED8AE1C9D8F7800F20013 /* PBXContainerItemProxy */ = {
			isa = PBXContainerItemProxy;
			containerPortal = 3D9ED8861C9D8F7800F20013 /* Project object */;
			proxyType = 1;
			remoteGlobalIDString = 3D9ED88D1C9D8F7800F20013;
			remoteInfo = Robocar;
		};
/* End PBXContainerItemProxy section */

/* Begin PBXFileReference section */
		3D9ED88E1C9D8F7800F20013 /* Robocar.app */ = {isa = PBXFileReference; explicitFileType = wrapper.application; includeInIndex = 0; path = Robocar.app; sourceTree = BUILT_PRODUCTS_DIR; };
		3D9ED8911C9D8F7800F20013 /* AppDelegate.swift */ = {isa = PBXFileReference; lastKnownFileType = sourcecode.swift; path = AppDelegate.swift; sourceTree = "<group>"; };
		3D9ED8931C9D8F7800F20013 /* ViewController.swift */ = {isa = PBXFileReference; lastKnownFileType = sourcecode.swift; path = ViewController.swift; sourceTree = "<group>"; };
		3D9ED8961C9D8F7800F20013 /* Base */ = {isa = PBXFileReference; lastKnownFileType = file.storyboard; name = Base; path = Base.lproj/Main.storyboard; sourceTree = "<group>"; };
		3D9ED8981C9D8F7800F20013 /* Assets.xcassets */ = {isa = PBXFileReference; lastKnownFileType = folder.assetcatalog; path = Assets.xcassets; sourceTree = "<group>"; };
		3D9ED89B1C9D8F7800F20013 /* Base */ = {isa = PBXFileReference; lastKnownFileType = file.storyboard; name = Base; path = Base.lproj/LaunchScreen.storyboard; sourceTree = "<group>"; };
		3D9ED89D1C9D8F7800F20013 /* Info.plist */ = {isa = PBXFileReference; lastKnownFileType = text.plist.xml; path = Info.plist; sourceTree = "<group>"; };
		3D9ED8A21C9D8F7800F20013 /* RobocarTests.xctest */ = {isa = PBXFileReference; explicitFileType = wrapper.cfbundle; includeInIndex = 0; path = RobocarTests.xctest; sourceTree = BUILT_PRODUCTS_DIR; };
		3D9ED8A61C9D8F7800F20013 /* RobocarTests.swift */ = {isa = PBXFileReference; lastKnownFileType = sourcecode.swift; path = RobocarTests.swift; sourceTree = "<group>"; };
		3D9ED8A81C9D8F7800F20013 /* Info.plist */ = {isa = PBXFileReference; lastKnownFileType = text.plist.xml; path = Info.plist; sourceTree = "<group>"; };
		3D9ED8AD1C9D8F7800F20013 /* RobocarUITests.xctest */ = {isa = PBXFileReference; explicitFileType = wrapper.cfbundle; includeInIndex = 0; path = RobocarUITests.xctest; sourceTree = BUILT_PRODUCTS_DIR; };
		3D9ED8B11C9D8F7800F20013 /* RobocarUITests.swift */ = {isa = PBXFileReference; lastKnownFileType = sourcecode.swift; path = RobocarUITests.swift; sourceTree = "<group>"; };
		3D9ED8B31C9D8F7800F20013 /* Info.plist */ = {isa = PBXFileReference; lastKnownFileType = text.plist.xml; path = Info.plist; sourceTree = "<group>"; };
/* End PBXFileReference section */

/* Begin PBXFrameworksBuildPhase section */
		3D9ED88B1C9D8F7800F20013 /* Frameworks */ = {
			isa = PBXFrameworksBuildPhase;
			buildActionMask = 2147483647;
			files = (
			);
			runOnlyForDeploymentPostprocessing = 0;
		};
		3D9ED89F1C9D8F7800F20013 /* Frameworks */ = {
			isa = PBXFrameworksBuildPhase;
			buildActionMask = 2147483647;
			files = (
			);
			runOnlyForDeploymentPostprocessing = 0;
		};
		3D9ED8AA1C9D8F7800F20013 /* Frameworks */ = {
			isa = PBXFrameworksBuildPhase;
			buildActionMask = 2147483647;
			files = (
			);
			runOnlyForDeploymentPostprocessing = 0;
		};
/* End PBXFrameworksBuildPhase section */

/* Begin PBXGroup section */
		3D9ED8851C9D8F7800F20013 = {
			isa = PBXGroup;
			children = (
				3D9ED8901C9D8F7800F20013 /* Robocar */,
				3D9ED8A51C9D8F7800F20013 /* RobocarTests */,
				3D9ED8B01C9D8F7800F20013 /* RobocarUITests */,
				3D9ED88F1C9D8F7800F20013 /* Products */,
			);
			sourceTree = "<group>";
		};
		3D9ED88F1C9D8F7800F20013 /* Products */ = {
			isa = PBXGroup;
			children = (
				3D9ED88E1C9D8F7800F20013 /* Robocar.app */,
				3D9ED8A21C9D8F7800F20013 /* RobocarTests.xctest */,
				3D9ED8AD1C9D8F7800F20013 /* RobocarUITests.xctest */,
			);
			name = Products;
			sourceTree = "<group>";
		};
		3D9ED8901C9D8F7800F20013 /* Robocar */ = {
			isa = PBXGroup;
			children = (
				3D9ED8911C9D8F7800F20013 /* AppDelegate.swift */,
				3D9ED8931C9D8F7800F20013 /* ViewController.swift */,
				3D9ED8951C9D8F7800F20013 /* Main.storyboard */,
				3D9ED8981C9D8F7800F20013 /* Assets.xcassets */,
				3D9ED89A1C9D8F7800F20013 /* LaunchScreen.storyboard */,
				3D9ED89D1C9D8F7800F20013 /* Info.plist */,
			);
			path = Robocar;
			sourceTree = "<group>";
		};
		3D9ED8A51C9D8F7800F20013 /* RobocarTests */ = {
			isa = PBXGroup;
			children = (
				3D9ED8A61C9D8F7800F20013 /* RobocarTests.swift */,
				3D9ED8A81C9D8F7800F20013 /* Info.plist */,
			);
			path = RobocarTests;
			sourceTree = "<group>";
		};
		3D9ED8B01C9D8F7800F20013 /* RobocarUITests */ = {
			isa = PBXGroup;
			children = (
				3D9ED8B11C9D8F7800F20013 /* RobocarUITests.swift */,
				3D9ED8B31C9D8F7800F20013 /* Info.plist */,
			);
			path = RobocarUITests;
			sourceTree = "<group>";
		};
/* End PBXGroup section */

/* Begin PBXNativeTarget section */
		3D9ED88D1C9D8F7800F20013 /* Robocar */ = {
			isa = PBXNativeTarget;
			buildConfigurationList = 3D9ED8B61C9D8F7800F20013 /* Build configuration list for PBXNativeTarget "Robocar" */;
			buildPhases = (
				3D9ED88A1C9D8F7800F20013 /* Sources */,
				3D9ED88B1C9D8F7800F20013 /* Frameworks */,
				3D9ED88C1C9D8F7800F20013 /* Resources */,
			);
			buildRules = (
			);
			dependencies = (
			);
			name = Robocar;
			productName = Robocar;
			productReference = 3D9ED88E1C9D8F7800F20013 /* Robocar.app */;
			productType = "com.apple.product-type.application";
		};
		3D9ED8A11C9D8F7800F20013 /* RobocarTests */ = {
			isa = PBXNativeTarget;
			buildConfigurationList = 3D9ED8B91C9D8F7800F20013 /* Build configuration list for PBXNativeTarget "RobocarTests" */;
			buildPhases = (
				3D9ED89E1C9D8F7800F20013 /* Sources */,
				3D9ED89F1C9D8F7800F20013 /* Frameworks */,
				3D9ED8A01C9D8F7800F20013 /* Resources */,
			);
			buildRules = (
			);
			dependencies = (
				3D9ED8A41C9D8F7800F20013 /* PBXTargetDependency */,
			);
			name = RobocarTests;
			productName = RobocarTests;
			productReference = 3D9ED8A21C9D8F7800F20013 /* RobocarTests.xctest */;
			productType = "com.apple.product-type.bundle.unit-test";
		};
		3D9ED8AC1C9D8F7800F20013 /* RobocarUITests */ = {
			isa = PBXNativeTarget;
			buildConfigurationList = 3D9ED8BC1C9D8F7800F20013 /* Build configuration list for PBXNativeTarget "RobocarUITests" */;
			buildPhases = (
				3D9ED8A91C9D8F7800F20013 /* Sources */,
				3D9ED8AA1C9D8F7800F20013 /* Frameworks */,
				3D9ED8AB1C9D8F7800F20013 /* Resources */,
			);
			buildRules = (
			);
			dependencies = (
				3D9ED8AF1C9D8F7800F20013 /* PBXTargetDependency */,
			);
			name = RobocarUITests;
			productName = RobocarUITests;
			productReference = 3D9ED8AD1C9D8F7800F20013 /* RobocarUITests.xctest */;
			productType = "com.apple.product-type.bundle.ui-testing";
		};
/* End PBXNativeTarget section */

/* Begin PBXProject section */
		3D9ED8861C9D8F7800F20013 /* Project object */ = {
			isa = PBXProject;
			attributes = {
				LastSwiftUpdateCheck = 0720;
				LastUpgradeCheck = 0720;
				ORGANIZATIONNAME = "Hendrik Louw";
				TargetAttributes = {
					3D9ED88D1C9D8F7800F20013 = {
						CreatedOnToolsVersion = 7.2.1;
					};
					3D9ED8A11C9D8F7800F20013 = {
						CreatedOnToolsVersion = 7.2.1;
						TestTargetID = 3D9ED88D1C9D8F7800F20013;
					};
					3D9ED8AC1C9D8F7800F20013 = {
						CreatedOnToolsVersion = 7.2.1;
						TestTargetID = 3D9ED88D1C9D8F7800F20013;
					};
				};
			};
			buildConfigurationList = 3D9ED8891C9D8F7800F20013 /* Build configuration list for PBXProject "Robocar" */;
			compatibilityVersion = "Xcode 3.2";
			developmentRegion = English;
			hasScannedForEncodings = 0;
			knownRegions = (
				en,
				Base,
			);
			mainGroup = 3D9ED8851C9D8F7800F20013;
			productRefGroup = 3D9ED88F1C9D8F7800F20013 /* Products */;
			projectDirPath = "";
			projectRoot = "";
			targets = (
				3D9ED88D1C9D8F7800F20013 /* Robocar */,
				3D9ED8A11C9D8F7800F20013 /* RobocarTests */,
				3D9ED8AC1C9D8F7800F20013 /* RobocarUITests */,
			);
		};
/* End PBXProject section */

/* Begin PBXResourcesBuildPhase section */
		3D9ED88C1C9D8F7800F20013 /* Resources */ = {
			isa = PBXResourcesBuildPhase;
			buildActionMask = 2147483647;
			files = (
				3D9ED89C1C9D8F7800F20013 /* LaunchScreen.storyboard in Resources */,
				3D9ED8991C9D8F7800F20013 /* Assets.xcassets in Resources */,
				3D9ED8971C9D8F7800F20013 /* Main.storyboard in Resources */,
			);
			runOnlyForDeploymentPostprocessing = 0;
		};
		3D9ED8A01C9D8F7800F20013 /* Resources */ = {
			isa = PBXResourcesBuildPhase;
			buildActionMask = 2147483647;
			files = (
			);
			runOnlyForDeploymentPostprocessing = 0;
		};
		3D9ED8AB1C9D8F7800F20013 /* Resources */ = {
			isa = PBXResourcesBuildPhase;
			buildActionMask = 2147483647;
			files = (
			);
			runOnlyForDeploymentPostprocessing = 0;
		};
/* End PBXResourcesBuildPhase section */

/* Begin PBXSourcesBuildPhase section */
		3D9ED88A1C9D8F7800F20013 /* Sources */ = {
			isa = PBXSourcesBuildPhase;
			buildActionMask = 2147483647;
			files = (
				3D9ED8941C9D8F7800F20013 /* ViewController.swift in Sources */,
				3D9ED8921C9D8F7800F20013 /* AppDelegate.swift in Sources */,
			);
			runOnlyForDeploymentPostprocessing = 0;
		};
		3D9ED89E1C9D8F7800F20013 /* Sources */ = {
			isa = PBXSourcesBuildPhase;
			buildActionMask = 2147483647;
			files = (
				3D9ED8A71C9D8F7800F20013 /* RobocarTests.swift in Sources */,
			);
			runOnlyForDeploymentPostprocessing = 0;
		};
		3D9ED8A91C9D8F7800F20013 /* Sources */ = {
			isa = PBXSourcesBuildPhase;
			buildActionMask = 2147483647;
			files = (
				3D9ED8B21C9D8F7800F20013 /* RobocarUITests.swift in Sources */,
			);
			runOnlyForDeploymentPostprocessing = 0;
		};
/* End PBXSourcesBuildPhase section */

/* Begin PBXTargetDependency section */
		3D9ED8A41C9D8F7800F20013 /* PBXTargetDependency */ = {
			isa = PBXTargetDependency;
			target = 3D9ED88D1C9D8F7800F20013 /* Robocar */;
			targetProxy = 3D9ED8A31C9D8F7800F20013 /* PBXContainerItemProxy */;
		};
		3D9ED8AF1C9D8F7800F20013 /* PBXTargetDependency */ = {
			isa = PBXTargetDependency;
			target = 3D9ED88D1C9D8F7800F20013 /* Robocar */;
			targetProxy = 3D9ED8AE1C9D8F7800F20013 /* PBXContainerItemProxy */;
		};
/* End PBXTargetDependency section */

/* Begin PBXVariantGroup section */
		3D9ED8951C9D8F7800F20013 /* Main.storyboard */ = {
			isa = PBXVariantGroup;
			children = (
				3D9ED8961C9D8F7800F20013 /* Base */,
			);
			name = Main.storyboard;
			sourceTree = "<group>";
		};
		3D9ED89A1C9D8F7800F20013 /* LaunchScreen.storyboard */ = {
			isa = PBXVariantGroup;
			children = (
				3D9ED89B1C9D8F7800F20013 /* Base */,
			);
			name = LaunchScreen.storyboard;
			sourceTree = "<group>";
		};
/* End PBXVariantGroup section */

/* Begin XCBuildConfiguration section */
		3D9ED8B41C9D8F7800F20013 /* Debug */ = {
			isa = XCBuildConfiguration;
			buildSettings = {
				ALWAYS_SEARCH_USER_PATHS = NO;
				CLANG_CXX_LANGUAGE_STANDARD = "gnu++0x";
				CLANG_CXX_LIBRARY = "libc++";
				CLANG_ENABLE_MODULES = YES;
				CLANG_ENABLE_OBJC_ARC = YES;
				CLANG_WARN_BOOL_CONVERSION = YES;
				CLANG_WARN_CONSTANT_CONVERSION = YES;
				CLANG_WARN_DIRECT_OBJC_ISA_USAGE = YES_ERROR;
				CLANG_WARN_EMPTY_BODY = YES;
				CLANG_WARN_ENUM_CONVERSION = YES;
				CLANG_WARN_INT_CONVERSION = YES;
				CLANG_WARN_OBJC_ROOT_CLASS = YES_ERROR;
				CLANG_WARN_UNREACHABLE_CODE = YES;
				CLANG_WARN__DUPLICATE_METHOD_MATCH = YES;
				"CODE_SIGN_IDENTITY[sdk=iphoneos*]" = "iPhone Developer";
				COPY_PHASE_STRIP = NO;
				DEBUG_INFORMATION_FORMAT = dwarf;
				ENABLE_STRICT_OBJC_MSGSEND = YES;
				ENABLE_TESTABILITY = YES;
				GCC_C_LANGUAGE_STANDARD = gnu99;
				GCC_DYNAMIC_NO_PIC = NO;
				GCC_NO_COMMON_BLOCKS = YES;
				GCC_OPTIMIZATION_LEVEL = 0;
				GCC_PREPROCESSOR_DEFINITIONS = (
					"DEBUG=1",
					"$(inherited)",
				);
				GCC_WARN_64_TO_32_BIT_CONVERSION = YES;
				GCC_WARN_ABOUT_RETURN_TYPE = YES_ERROR;
				GCC_WARN_UNDECLARED_SELECTOR = YES;
				GCC_WARN_UNINITIALIZED_AUTOS = YES_AGGRESSIVE;
				GCC_WARN_UNUSED_FUNCTION = YES;
				GCC_WARN_UNUSED_VARIABLE = YES;
				IPHONEOS_DEPLOYMENT_TARGET = 9.2;
				MTL_ENABLE_DEBUG_INFO = YES;
				ONLY_ACTIVE_ARCH = YES;
				SDKROOT = iphoneos;
				SWIFT_OPTIMIZATION_LEVEL = "-Onone";
			};
			name = Debug;
		};
		3D9ED8B51C9D8F7800F20013 /* Release */ = {
			isa = XCBuildConfiguration;
			buildSettings = {
				ALWAYS_SEARCH_USER_PATHS = NO;
				CLANG_CXX_LANGUAGE_STANDARD = "gnu++0x";
				CLANG_CXX_LIBRARY = "libc++";
				CLANG_ENABLE_MODULES = YES;
				CLANG_ENABLE_OBJC_ARC = YES;
				CLANG_WARN_BOOL_CONVERSION = YES;
				CLANG_WARN_CONSTANT_CONVERSION = YES;
				CLANG_WARN_DIRECT_OBJC_ISA_USAGE = YES_ERROR;
				CLANG_WARN_EMPTY_BODY = YES;
				CLANG_WARN_ENUM_CONVERSION = YES;
				CLANG_WARN_INT_CONVERSION = YES;
				CLANG_WARN_OBJC_ROOT_CLASS = YES_ERROR;
				CLANG_WARN_UNREACHABLE_CODE = YES;
				CLANG_WARN__DUPLICATE_METHOD_MATCH = YES;
				"CODE_SIGN_IDENTITY[sdk=iphoneos*]" = "iPhone Developer";
				COPY_PHASE_STRIP = NO;
				DEBUG_INFORMATION_FORMAT = "dwarf-with-dsym";
				ENABLE_NS_ASSERTIONS = NO;
				ENABLE_STRICT_OBJC_MSGSEND = YES;
				GCC_C_LANGUAGE_STANDARD = gnu99;
				GCC_NO_COMMON_BLOCKS = YES;
				GCC_WARN_64_TO_32_BIT_CONVERSION = YES;
				GCC_WARN_ABOUT_RETURN_TYPE = YES_ERROR;
				GCC_WARN_UNDECLARED_SELECTOR = YES;
				GCC_WARN_UNINITIALIZED_AUTOS = YES_AGGRESSIVE;
				GCC_WARN_UNUSED_FUNCTION = YES;
				GCC_WARN_UNUSED_VARIABLE = YES;
				IPHONEOS_DEPLOYMENT_TARGET = 9.2;
				MTL_ENABLE_DEBUG_INFO = NO;
				SDKROOT = iphoneos;
				VALIDATE_PRODUCT = YES;
			};
			name = Release;
		};
		3D9ED8B71C9D8F7800F20013 /* Debug */ = {
			isa = XCBuildConfiguration;
			buildSettings = {
				ASSETCATALOG_COMPILER_APPICON_NAME = AppIcon;
				INFOPLIST_FILE = Robocar/Info.plist;
				LD_RUNPATH_SEARCH_PATHS = "$(inherited) @executable_path/Frameworks";
				PRODUCT_BUNDLE_IDENTIFIER = com.hendriklouw.Robocar;
				PRODUCT_NAME = "$(TARGET_NAME)";
			};
			name = Debug;
		};
		3D9ED8B81C9D8F7800F20013 /* Release */ = {
			isa = XCBuildConfiguration;
			buildSettings = {
				ASSETCATALOG_COMPILER_APPICON_NAME = AppIcon;
				INFOPLIST_FILE = Robocar/Info.plist;
				LD_RUNPATH_SEARCH_PATHS = "$(inherited) @executable_path/Frameworks";
				PRODUCT_BUNDLE_IDENTIFIER = com.hendriklouw.Robocar;
				PRODUCT_NAME = "$(TARGET_NAME)";
			};
			name = Release;
		};
		3D9ED8BA1C9D8F7800F20013 /* Debug */ = {
			isa = XCBuildConfiguration;
			buildSettings = {
				BUNDLE_LOADER = "$(TEST_HOST)";
				INFOPLIST_FILE = RobocarTests/Info.plist;
				LD_RUNPATH_SEARCH_PATHS = "$(inherited) @executable_path/Frameworks @loader_path/Frameworks";
				PRODUCT_BUNDLE_IDENTIFIER = com.hendriklouw.RobocarTests;
				PRODUCT_NAME = "$(TARGET_NAME)";
				TEST_HOST = "$(BUILT_PRODUCTS_DIR)/Robocar.app/Robocar";
			};
			name = Debug;
		};
		3D9ED8BB1C9D8F7800F20013 /* Release */ = {
			isa = XCBuildConfiguration;
			buildSettings = {
				BUNDLE_LOADER = "$(TEST_HOST)";
				INFOPLIST_FILE = RobocarTests/Info.plist;
				LD_RUNPATH_SEARCH_PATHS = "$(inherited) @executable_path/Frameworks @loader_path/Frameworks";
				PRODUCT_BUNDLE_IDENTIFIER = com.hendriklouw.RobocarTests;
				PRODUCT_NAME = "$(TARGET_NAME)";
				TEST_HOST = "$(BUILT_PRODUCTS_DIR)/Robocar.app/Robocar";
			};
			name = Release;
		};
		3D9ED8BD1C9D8F7800F20013 /* Debug */ = {
			isa = XCBuildConfiguration;
			buildSettings = {
				INFOPLIST_FILE = RobocarUITests/Info.plist;
				LD_RUNPATH_SEARCH_PATHS = "$(inherited) @executable_path/Frameworks @loader_path/Frameworks";
				PRODUCT_BUNDLE_IDENTIFIER = com.hendriklouw.RobocarUITests;
				PRODUCT_NAME = "$(TARGET_NAME)";
				TEST_TARGET_NAME = Robocar;
				USES_XCTRUNNER = YES;
			};
			name = Debug;
		};
		3D9ED8BE1C9D8F7800F20013 /* Release */ = {
			isa = XCBuildConfiguration;
			buildSettings = {
				INFOPLIST_FILE = RobocarUITests/Info.plist;
				LD_RUNPATH_SEARCH_PATHS = "$(inherited) @executable_path/Frameworks @loader_path/Frameworks";
				PRODUCT_BUNDLE_IDENTIFIER = com.hendriklouw.RobocarUITests;
				PRODUCT_NAME = "$(TARGET_NAME)";
				TEST_TARGET_NAME = Robocar;
				USES_XCTRUNNER = YES;
			};
			name = Release;
		};
/* End XCBuildConfiguration section */

/* Begin XCConfigurationList section */
		3D9ED8891C9D8F7800F20013 /* Build configuration list for PBXProject "Robocar" */ = {
			isa = XCConfigurationList;
			buildConfigurations = (
				3D9ED8B41C9D8F7800F20013 /* Debug */,
				3D9ED8B51C9D8F7800F20013 /* Release */,
			);
			defaultConfigurationIsVisible = 0;
			defaultConfigurationName = Release;
		};
		3D9ED8B61C9D8F7800F20013 /* Build configuration list for PBXNativeTarget "Robocar" */ = {
			isa = XCConfigurationList;
			buildConfigurations = (
				3D9ED8B71C9D8F7800F20013 /* Debug */,
				3D9ED8B81C9D8F7800F20013 /* Release */,
			);
			defaultConfigurationIsVisible = 0;
		};
		3D9ED8B91C9D8F7800F20013 /* Build configuration list for PBXNativeTarget "RobocarTests" */ = {
			isa = XCConfigurationList;
			buildConfigurations = (
				3D9ED8BA1C9D8F7800F20013 /* Debug */,
				3D9ED8BB1C9D8F7800F20013 /* Release */,
			);
			defaultConfigurationIsVisible = 0;
		};
		3D9ED8BC1C9D8F7800F20013 /* Build configuration list for PBXNativeTarget "RobocarUITests" */ = {
			isa = XCConfigurationList;
			buildConfigurations = (
				3D9ED8BD1C9D8F7800F20013 /* Debug */,
				3D9ED8BE1C9D8F7800F20013 /* Release */,
			);
			defaultConfigurationIsVisible = 0;
		};
/* End XCConfigurationList section */
	};
	rootObject = 3D9ED8861C9D8F7800F20013 /* Project object */;
}
